
Microsoft Visual Studio Solution File, Format Version 12.00
# Visual Studio Version 17
VisualStudioVersion = 17.3.32929.385
MinimumVisualStudioVersion = 10.0.40219.1
Project("{9A19103F-16F7-4668-BE54-9A1E7A4F7556}") = "DBCEditor", "DBCEditor\DBCEditor.csproj", "{9830D96A-8916-4FE2-BD31-8275BD8F2638}"
EndProject
Project("{2150E333-8FDC-42A3-9474-1A3956D46DE8}") = "Doc", "Doc", "{AC7F7D62-38E0-4230-AF2B-7F606D2CB9E4}"
	ProjectSection(SolutionItems) = preProject
		Doc\CAN DBC Editor Playground1.png = Doc\CAN DBC Editor Playground1.png
		Doc\CAN DBC Editor Playground2.png = Doc\CAN DBC Editor Playground2.png
		..\README.md = ..\README.md
	EndProjectSection
EndProject
Global
	GlobalSection(SolutionConfigurationPlatforms) = preSolution
		Debug|Any CPU = Debug|Any CPU
		Release|Any CPU = Release|Any CPU
	EndGlobalSection
	GlobalSection(ProjectConfigurationPlatforms) = postSolution
		{9830D96A-8916-4FE2-BD31-8275BD8F2638}.Debug|Any CPU.ActiveCfg = Debug|Any CPU
		{9830D96A-8916-4FE2-BD31-8275BD8F2638}.Debug|Any CPU.Build.0 = Debug|Any CPU
		{9830D96A-8916-4FE2-BD31-8275BD8F2638}.Release|Any CPU.ActiveCfg = Release|Any CPU
		{9830D96A-8916-4FE2-BD31-8275BD8F2638}.Release|Any CPU.Build.0 = Release|Any CPU
	EndGlobalSection
	GlobalSection(SolutionProperties) = preSolution
		HideSolutionNode = FALSE
	EndGlobalSection
	GlobalSection(ExtensibilityGlobals) = postSolution
		SolutionGuid = {5F07BABD-1D7D-423D-B79D-036184D7588F}
	EndGlobalSection
EndGlobal
